github.com/MeizalunaWulandari/go-say-hello v1.0.0 h1:08GpRwpPnr51fO3lFQM0oS7Ps9YqT4Sea1B68K43ukc=
github.com/MeizalunaWulandari/go-say-hello v1.0.0/go.mod h1:mGQsF8kC83INpjkrXkcuu2Bbfb1Tzmqb3p2nvElV0Ks=
github.com/MeizalunaWulandari/go-say-hello v1.5.0 h1:IegMDDJjXIZv1UVeDegDpA+UIu6wM64617v86p3AyWY=
github.com/MeizalunaWulandari/go-say-hello v1.5.0/go.mod h1:mGQsF8kC83INpjkrXkcuu2Bbfb1Tzmqb3p2nvElV0Ks=
